
Microsoft Visual Studio Solution File, Format Version 12.00
# Visual Studio Version 17
VisualStudioVersion = 17.0.31903.59
MinimumVisualStudioVersion = 10.0.40219.1
Project("{FAE04EC0-301F-11D3-BF4B-00C04F79EFBC}") = "Kaizen.Sample.Web", "Kaizen.Sample.Web\Kaizen.Sample.Web.csproj", "{AB6872F0-21EF-4923-A86B-1290B11353F3}"
EndProject
Project("{FAE04EC0-301F-11D3-BF4B-00C04F79EFBC}") = "Kaizen.Sample.Web.Client", "Kaizen.Sample.Web.Client\Kaizen.Sample.Web.Client.csproj", "{160A97CA-F8B9-4F54-9527-66FA5E00CCB9}"
EndProject
Project("{FAE04EC0-301F-11D3-BF4B-00C04F79EFBC}") = "Kaizen.UI", "Kaizen.UI\Kaizen.UI.csproj", "{670D633A-0211-477C-951E-07B05C358418}"
EndProject
Global
	GlobalSection(SolutionConfigurationPlatforms) = preSolution
		Debug|Any CPU = Debug|Any CPU
		Release|Any CPU = Release|Any CPU
	EndGlobalSection
	GlobalSection(SolutionProperties) = preSolution
		HideSolutionNode = FALSE
	EndGlobalSection
	GlobalSection(ProjectConfigurationPlatforms) = postSolution
		{AB6872F0-21EF-4923-A86B-1290B11353F3}.Debug|Any CPU.ActiveCfg = Debug|Any CPU
		{AB6872F0-21EF-4923-A86B-1290B11353F3}.Debug|Any CPU.Build.0 = Debug|Any CPU
		{AB6872F0-21EF-4923-A86B-1290B11353F3}.Release|Any CPU.ActiveCfg = Release|Any CPU
		{AB6872F0-21EF-4923-A86B-1290B11353F3}.Release|Any CPU.Build.0 = Release|Any CPU
		{160A97CA-F8B9-4F54-9527-66FA5E00CCB9}.Debug|Any CPU.ActiveCfg = Debug|Any CPU
		{160A97CA-F8B9-4F54-9527-66FA5E00CCB9}.Debug|Any CPU.Build.0 = Debug|Any CPU
		{160A97CA-F8B9-4F54-9527-66FA5E00CCB9}.Release|Any CPU.ActiveCfg = Release|Any CPU
		{160A97CA-F8B9-4F54-9527-66FA5E00CCB9}.Release|Any CPU.Build.0 = Release|Any CPU
		{670D633A-0211-477C-951E-07B05C358418}.Debug|Any CPU.ActiveCfg = Debug|Any CPU
		{670D633A-0211-477C-951E-07B05C358418}.Debug|Any CPU.Build.0 = Debug|Any CPU
		{670D633A-0211-477C-951E-07B05C358418}.Release|Any CPU.ActiveCfg = Release|Any CPU
		{670D633A-0211-477C-951E-07B05C358418}.Release|Any CPU.Build.0 = Release|Any CPU
	EndGlobalSection
EndGlobal
